
Microsoft Visual Studio Solution File, Format Version 12.00
# Visual Studio 15
VisualStudioVersion = 15.0.27703.2026
MinimumVisualStudioVersion = 10.0.40219.1
Project("{FAE04EC0-301F-11D3-BF4B-00C04F79EFBC}") = "dtaction-android", "dtaction-android\dtaction-android.csproj", "{9FF00FFA-141A-406B-8AED-69AD03C8E792}"
EndProject
Global
	GlobalSection(SolutionConfigurationPlatforms) = preSolution
		Debug|Any CPU = Debug|Any CPU
		Release|Any CPU = Release|Any CPU
	EndGlobalSection
	GlobalSection(ProjectConfigurationPlatforms) = postSolution
		{9FF00FFA-141A-406B-8AED-69AD03C8E792}.Debug|Any CPU.ActiveCfg = Debug|Any CPU
		{9FF00FFA-141A-406B-8AED-69AD03C8E792}.Debug|Any CPU.Build.0 = Debug|Any CPU
		{9FF00FFA-141A-406B-8AED-69AD03C8E792}.Debug|Any CPU.Deploy.0 = Debug|Any CPU
		{9FF00FFA-141A-406B-8AED-69AD03C8E792}.Release|Any CPU.ActiveCfg = Release|Any CPU
		{9FF00FFA-141A-406B-8AED-69AD03C8E792}.Release|Any CPU.Build.0 = Release|Any CPU
		{9FF00FFA-141A-406B-8AED-69AD03C8E792}.Release|Any CPU.Deploy.0 = Release|Any CPU
	EndGlobalSection
	GlobalSection(SolutionProperties) = preSolution
		HideSolutionNode = FALSE
	EndGlobalSection
	GlobalSection(ExtensibilityGlobals) = postSolution
		SolutionGuid = {E6A8FD9F-50F3-4844-BA74-1006C4CDB267}
	EndGlobalSection
EndGlobal
